
Microsoft Visual Studio Solution File, Format Version 12.00
# 
Project("{FAE04EC0-301F-11D3-BF4B-00C04F79EFBC}") = "Nolock.social.OCRservices", "Nolock.social.OCRservices\Nolock.social.OCRservices.csproj", "{B8E897B0-567D-40AD-8025-4A688228C590}"
EndProject
Project("{FAE04EC0-301F-11D3-BF4B-00C04F79EFBC}") = "Nolock.social.OCRservices.Tests", "Nolock.social.OCRservices.Tests\Nolock.social.OCRservices.Tests.csproj", "{E43803C5-117B-47DF-BF19-A5928C247965}"
EndProject
Project("{FAE04EC0-301F-11D3-BF4B-00C04F79EFBC}") = "Nolock.social.MistralOcr", "Nolock.social.MistralOcr\Nolock.social.MistralOcr.csproj", "{DCB74A2B-EAC9-4A64-8AD2-B25B18E75E85}"
EndProject
Project("{FAE04EC0-301F-11D3-BF4B-00C04F79EFBC}") = "Nolock.social.MistralOcr.IntegrationTests", "Nolock.social.MistralOcr.IntegrationTests\Nolock.social.MistralOcr.IntegrationTests.csproj", "{57E3E9DA-EBF9-4CB3-B0D9-6F94B637C0B1}"
EndProject
Project("{FAE04EC0-301F-11D3-BF4B-00C04F79EFBC}") = "Nolock.social.CloudflareAI", "Nolock.social.CloudflareAI\Nolock.social.CloudflareAI.csproj", "{F76836B2-CC53-4937-87A5-50A2EFF7F2B6}"
EndProject
Project("{FAE04EC0-301F-11D3-BF4B-00C04F79EFBC}") = "Nolock.social.CloudflareAI.IntegrationTests", "Nolock.social.CloudflareAI.IntegrationTests\Nolock.social.CloudflareAI.IntegrationTests.csproj", "{AE98FCF1-300E-477D-933C-29EC4874C6CA}"
EndProject
Global
	GlobalSection(SolutionConfigurationPlatforms) = preSolution
		Debug|Any CPU = Debug|Any CPU
		Release|Any CPU = Release|Any CPU
	EndGlobalSection
	GlobalSection(ProjectConfigurationPlatforms) = postSolution
		{B8E897B0-567D-40AD-8025-4A688228C590}.Debug|Any CPU.ActiveCfg = Debug|Any CPU
		{B8E897B0-567D-40AD-8025-4A688228C590}.Debug|Any CPU.Build.0 = Debug|Any CPU
		{B8E897B0-567D-40AD-8025-4A688228C590}.Release|Any CPU.ActiveCfg = Release|Any CPU
		{B8E897B0-567D-40AD-8025-4A688228C590}.Release|Any CPU.Build.0 = Release|Any CPU
		{E43803C5-117B-47DF-BF19-A5928C247965}.Debug|Any CPU.ActiveCfg = Debug|Any CPU
		{E43803C5-117B-47DF-BF19-A5928C247965}.Debug|Any CPU.Build.0 = Debug|Any CPU
		{E43803C5-117B-47DF-BF19-A5928C247965}.Release|Any CPU.ActiveCfg = Release|Any CPU
		{E43803C5-117B-47DF-BF19-A5928C247965}.Release|Any CPU.Build.0 = Release|Any CPU
		{DCB74A2B-EAC9-4A64-8AD2-B25B18E75E85}.Debug|Any CPU.ActiveCfg = Debug|Any CPU
		{DCB74A2B-EAC9-4A64-8AD2-B25B18E75E85}.Debug|Any CPU.Build.0 = Debug|Any CPU
		{DCB74A2B-EAC9-4A64-8AD2-B25B18E75E85}.Release|Any CPU.ActiveCfg = Release|Any CPU
		{DCB74A2B-EAC9-4A64-8AD2-B25B18E75E85}.Release|Any CPU.Build.0 = Release|Any CPU
		{57E3E9DA-EBF9-4CB3-B0D9-6F94B637C0B1}.Debug|Any CPU.ActiveCfg = Debug|Any CPU
		{57E3E9DA-EBF9-4CB3-B0D9-6F94B637C0B1}.Debug|Any CPU.Build.0 = Debug|Any CPU
		{57E3E9DA-EBF9-4CB3-B0D9-6F94B637C0B1}.Release|Any CPU.ActiveCfg = Release|Any CPU
		{57E3E9DA-EBF9-4CB3-B0D9-6F94B637C0B1}.Release|Any CPU.Build.0 = Release|Any CPU
		{F76836B2-CC53-4937-87A5-50A2EFF7F2B6}.Debug|Any CPU.ActiveCfg = Debug|Any CPU
		{F76836B2-CC53-4937-87A5-50A2EFF7F2B6}.Debug|Any CPU.Build.0 = Debug|Any CPU
		{F76836B2-CC53-4937-87A5-50A2EFF7F2B6}.Release|Any CPU.ActiveCfg = Release|Any CPU
		{F76836B2-CC53-4937-87A5-50A2EFF7F2B6}.Release|Any CPU.Build.0 = Release|Any CPU
		{AE98FCF1-300E-477D-933C-29EC4874C6CA}.Debug|Any CPU.ActiveCfg = Debug|Any CPU
		{AE98FCF1-300E-477D-933C-29EC4874C6CA}.Debug|Any CPU.Build.0 = Debug|Any CPU
		{AE98FCF1-300E-477D-933C-29EC4874C6CA}.Release|Any CPU.ActiveCfg = Release|Any CPU
		{AE98FCF1-300E-477D-933C-29EC4874C6CA}.Release|Any CPU.Build.0 = Release|Any CPU
	EndGlobalSection
EndGlobal
